
Microsoft Visual Studio Solution File, Format Version 12.00
# Visual Studio Version 17
VisualStudioVersion = 17.11.35312.102
MinimumVisualStudioVersion = 10.0.40219.1
Project("{9A19103F-16F7-4668-BE54-9A1E7A4F7556}") = "Database", "Core\Database.csproj", "{131C5E82-2C3F-4825-93C0-770A5C83A2E5}"
EndProject
Project("{9A19103F-16F7-4668-BE54-9A1E7A4F7556}") = "DTO", "DTO\DTO.csproj", "{9C78338F-151D-4A46-B68B-66260E81FDA3}"
EndProject
Project("{9A19103F-16F7-4668-BE54-9A1E7A4F7556}") = "Services", "Services\Services.csproj", "{1F020C05-C691-43C2-9176-646A825661F7}"
EndProject
Project("{9A19103F-16F7-4668-BE54-9A1E7A4F7556}") = "IdentityServer", "AuthServer\IdentityServer.csproj", "{5F458493-307C-40C8-B4B1-0EDB4EF27E86}"
EndProject
Project("{2150E333-8FDC-42A3-9474-1A3956D46DE8}") = "WebApi", "WebApi", "{9BD9994B-7A6E-4383-9BF3-FCA6D5FC399C}"
EndProject
Global
	GlobalSection(SolutionConfigurationPlatforms) = preSolution
		Debug|Any CPU = Debug|Any CPU
		Release|Any CPU = Release|Any CPU
	EndGlobalSection
	GlobalSection(ProjectConfigurationPlatforms) = postSolution
		{131C5E82-2C3F-4825-93C0-770A5C83A2E5}.Debug|Any CPU.ActiveCfg = Debug|Any CPU
		{131C5E82-2C3F-4825-93C0-770A5C83A2E5}.Debug|Any CPU.Build.0 = Debug|Any CPU
		{131C5E82-2C3F-4825-93C0-770A5C83A2E5}.Release|Any CPU.ActiveCfg = Release|Any CPU
		{131C5E82-2C3F-4825-93C0-770A5C83A2E5}.Release|Any CPU.Build.0 = Release|Any CPU
		{9C78338F-151D-4A46-B68B-66260E81FDA3}.Debug|Any CPU.ActiveCfg = Debug|Any CPU
		{9C78338F-151D-4A46-B68B-66260E81FDA3}.Debug|Any CPU.Build.0 = Debug|Any CPU
		{9C78338F-151D-4A46-B68B-66260E81FDA3}.Release|Any CPU.ActiveCfg = Release|Any CPU
		{9C78338F-151D-4A46-B68B-66260E81FDA3}.Release|Any CPU.Build.0 = Release|Any CPU
		{1F020C05-C691-43C2-9176-646A825661F7}.Debug|Any CPU.ActiveCfg = Debug|Any CPU
		{1F020C05-C691-43C2-9176-646A825661F7}.Debug|Any CPU.Build.0 = Debug|Any CPU
		{1F020C05-C691-43C2-9176-646A825661F7}.Release|Any CPU.ActiveCfg = Release|Any CPU
		{1F020C05-C691-43C2-9176-646A825661F7}.Release|Any CPU.Build.0 = Release|Any CPU
		{5F458493-307C-40C8-B4B1-0EDB4EF27E86}.Debug|Any CPU.ActiveCfg = Debug|Any CPU
		{5F458493-307C-40C8-B4B1-0EDB4EF27E86}.Debug|Any CPU.Build.0 = Debug|Any CPU
		{5F458493-307C-40C8-B4B1-0EDB4EF27E86}.Release|Any CPU.ActiveCfg = Release|Any CPU
		{5F458493-307C-40C8-B4B1-0EDB4EF27E86}.Release|Any CPU.Build.0 = Release|Any CPU
	EndGlobalSection
	GlobalSection(SolutionProperties) = preSolution
		HideSolutionNode = FALSE
	EndGlobalSection
	GlobalSection(NestedProjects) = preSolution
		{5F458493-307C-40C8-B4B1-0EDB4EF27E86} = {9BD9994B-7A6E-4383-9BF3-FCA6D5FC399C}
	EndGlobalSection
	GlobalSection(ExtensibilityGlobals) = postSolution
		SolutionGuid = {AAE0A96D-031D-4294-B0B2-9369172016DE}
	EndGlobalSection
EndGlobal
